
Microsoft Visual Studio Solution File, Format Version 12.00
# Visual Studio Version 17
VisualStudioVersion = 17.10.34916.146
MinimumVisualStudioVersion = 10.0.40219.1
Project("{9A19103F-16F7-4668-BE54-9A1E7A4F7556}") = "QuizPlatform.Api", "QuizPlatform.Api\QuizPlatform.Api.csproj", "{210F71FE-E2C4-4A2B-ACDB-ACFCC958E045}"
EndProject
Project("{9A19103F-16F7-4668-BE54-9A1E7A4F7556}") = "QuizPlatform.AppHost", "QuizPlatform.AppHost\QuizPlatform.AppHost.csproj", "{E7B48823-9ADB-4255-B3DD-20F3AEC43B7A}"
EndProject
Project("{9A19103F-16F7-4668-BE54-9A1E7A4F7556}") = "QuizPlatform.ServiceDefaults", "QuizPlatform.ServiceDefaults\QuizPlatform.ServiceDefaults.csproj", "{8741E10F-9CA4-4D94-BF7A-CD5DA4E2F80A}"
EndProject
Project("{2150E333-8FDC-42A3-9474-1A3956D46DE8}") = "Solution Items", "Solution Items", "{64E74B92-CA14-46A5-BF88-06D898BFBD6D}"
	ProjectSection(SolutionItems) = preProject
		.editorconfig = .editorconfig
		Directory.Build.props = Directory.Build.props
		Directory.Packages.props = Directory.Packages.props
	EndProjectSection
EndProject
Project("{2150E333-8FDC-42A3-9474-1A3956D46DE8}") = "QuizPlatform", "QuizPlatform", "{6671FB46-3924-492D-BCE0-AC5D12DD0EEE}"
EndProject
Project("{2150E333-8FDC-42A3-9474-1A3956D46DE8}") = "Domain", "Domain", "{F1B98717-6F3A-4D0F-BCBD-CEBA69C42B5A}"
EndProject
Project("{FAE04EC0-301F-11D3-BF4B-00C04F79EFBC}") = "Domain", "Domain\Domain.csproj", "{800DA812-E1B3-4988-B8E0-1EC0E129076D}"
EndProject
Global
	GlobalSection(SolutionConfigurationPlatforms) = preSolution
		Debug|Any CPU = Debug|Any CPU
		Release|Any CPU = Release|Any CPU
	EndGlobalSection
	GlobalSection(ProjectConfigurationPlatforms) = postSolution
		{210F71FE-E2C4-4A2B-ACDB-ACFCC958E045}.Debug|Any CPU.ActiveCfg = Debug|Any CPU
		{210F71FE-E2C4-4A2B-ACDB-ACFCC958E045}.Debug|Any CPU.Build.0 = Debug|Any CPU
		{210F71FE-E2C4-4A2B-ACDB-ACFCC958E045}.Release|Any CPU.ActiveCfg = Release|Any CPU
		{210F71FE-E2C4-4A2B-ACDB-ACFCC958E045}.Release|Any CPU.Build.0 = Release|Any CPU
		{E7B48823-9ADB-4255-B3DD-20F3AEC43B7A}.Debug|Any CPU.ActiveCfg = Debug|Any CPU
		{E7B48823-9ADB-4255-B3DD-20F3AEC43B7A}.Debug|Any CPU.Build.0 = Debug|Any CPU
		{E7B48823-9ADB-4255-B3DD-20F3AEC43B7A}.Release|Any CPU.ActiveCfg = Release|Any CPU
		{E7B48823-9ADB-4255-B3DD-20F3AEC43B7A}.Release|Any CPU.Build.0 = Release|Any CPU
		{8741E10F-9CA4-4D94-BF7A-CD5DA4E2F80A}.Debug|Any CPU.ActiveCfg = Debug|Any CPU
		{8741E10F-9CA4-4D94-BF7A-CD5DA4E2F80A}.Debug|Any CPU.Build.0 = Debug|Any CPU
		{8741E10F-9CA4-4D94-BF7A-CD5DA4E2F80A}.Release|Any CPU.ActiveCfg = Release|Any CPU
		{8741E10F-9CA4-4D94-BF7A-CD5DA4E2F80A}.Release|Any CPU.Build.0 = Release|Any CPU
		{800DA812-E1B3-4988-B8E0-1EC0E129076D}.Debug|Any CPU.ActiveCfg = Debug|Any CPU
		{800DA812-E1B3-4988-B8E0-1EC0E129076D}.Debug|Any CPU.Build.0 = Debug|Any CPU
		{800DA812-E1B3-4988-B8E0-1EC0E129076D}.Release|Any CPU.ActiveCfg = Release|Any CPU
		{800DA812-E1B3-4988-B8E0-1EC0E129076D}.Release|Any CPU.Build.0 = Release|Any CPU
	EndGlobalSection
	GlobalSection(SolutionProperties) = preSolution
		HideSolutionNode = FALSE
	EndGlobalSection
	GlobalSection(NestedProjects) = preSolution
		{210F71FE-E2C4-4A2B-ACDB-ACFCC958E045} = {6671FB46-3924-492D-BCE0-AC5D12DD0EEE}
		{800DA812-E1B3-4988-B8E0-1EC0E129076D} = {F1B98717-6F3A-4D0F-BCBD-CEBA69C42B5A}
	EndGlobalSection
	GlobalSection(ExtensibilityGlobals) = postSolution
		SolutionGuid = {C27D94C5-6000-488A-8FF7-14637C90E503}
	EndGlobalSection
EndGlobal
